
Microsoft Visual Studio Solution File, Format Version 12.00
# Visual Studio 15
VisualStudioVersion = 15.0.27703.1
MinimumVisualStudioVersion = 10.0.40219.1
Project("{9A19103F-16F7-4668-BE54-9A1E7A4F7556}") = "fbonizziDotIt", "fbonizziDotIt\fbonizziDotIt.csproj", "{A94509B1-73CE-4B5F-9519-0FBB684FF3B6}"
EndProject
Project("{2150E333-8FDC-42A3-9474-1A3956D46DE8}") = "Solution Items", "Solution Items", "{AC213F44-DEAB-4AE4-8943-C3A751AD90CE}"
	ProjectSection(SolutionItems) = preProject
		README.md = README.md
	EndProjectSection
EndProject
Project("{2150E333-8FDC-42A3-9474-1A3956D46DE8}") = "Privacy Policies", "Privacy Policies", "{7D343C7C-59BF-4D4E-97A2-3E1C618987AB}"
	ProjectSection(SolutionItems) = preProject
		Privacy Policies\Starfall-PrivacyPolicy.html = Privacy Policies\Starfall-PrivacyPolicy.html
	EndProjectSection
EndProject
Global
	GlobalSection(SolutionConfigurationPlatforms) = preSolution
		Debug|Any CPU = Debug|Any CPU
		Release|Any CPU = Release|Any CPU
	EndGlobalSection
	GlobalSection(ProjectConfigurationPlatforms) = postSolution
		{A94509B1-73CE-4B5F-9519-0FBB684FF3B6}.Debug|Any CPU.ActiveCfg = Debug|Any CPU
		{A94509B1-73CE-4B5F-9519-0FBB684FF3B6}.Debug|Any CPU.Build.0 = Debug|Any CPU
		{A94509B1-73CE-4B5F-9519-0FBB684FF3B6}.Release|Any CPU.ActiveCfg = Release|Any CPU
		{A94509B1-73CE-4B5F-9519-0FBB684FF3B6}.Release|Any CPU.Build.0 = Release|Any CPU
	EndGlobalSection
	GlobalSection(SolutionProperties) = preSolution
		HideSolutionNode = FALSE
	EndGlobalSection
	GlobalSection(NestedProjects) = preSolution
		{7D343C7C-59BF-4D4E-97A2-3E1C618987AB} = {AC213F44-DEAB-4AE4-8943-C3A751AD90CE}
	EndGlobalSection
	GlobalSection(ExtensibilityGlobals) = postSolution
		SolutionGuid = {5F0D555E-6443-43A9-9D15-502865F2688C}
	EndGlobalSection
EndGlobal
