
Microsoft Visual Studio Solution File, Format Version 12.00
# Visual Studio Version 16
VisualStudioVersion = 16.0.29806.167
MinimumVisualStudioVersion = 10.0.40219.1
Project("{9A19103F-16F7-4668-BE54-9A1E7A4F7556}") = "fbonizziDotIt", "fbonizziDotIt.csproj", "{21529F6E-748A-4528-8EB3-B6E75BEB4B2D}"
EndProject
Global
	GlobalSection(SolutionConfigurationPlatforms) = preSolution
		Debug|Any CPU = Debug|Any CPU
		Release|Any CPU = Release|Any CPU
	EndGlobalSection
	GlobalSection(ProjectConfigurationPlatforms) = postSolution
		{21529F6E-748A-4528-8EB3-B6E75BEB4B2D}.Debug|Any CPU.ActiveCfg = Debug|Any CPU
		{21529F6E-748A-4528-8EB3-B6E75BEB4B2D}.Debug|Any CPU.Build.0 = Debug|Any CPU
		{21529F6E-748A-4528-8EB3-B6E75BEB4B2D}.Release|Any CPU.ActiveCfg = Release|Any CPU
		{21529F6E-748A-4528-8EB3-B6E75BEB4B2D}.Release|Any CPU.Build.0 = Release|Any CPU
	EndGlobalSection
	GlobalSection(SolutionProperties) = preSolution
		HideSolutionNode = FALSE
	EndGlobalSection
	GlobalSection(ExtensibilityGlobals) = postSolution
		SolutionGuid = {03E39951-3FC6-40F0-80A8-C1906CB07846}
	EndGlobalSection
EndGlobal
